
Microsoft Visual Studio Solution File, Format Version 12.00
# Visual Studio 14
VisualStudioVersion = 14.0.24720.0
MinimumVisualStudioVersion = 10.0.40219.1
Project("{F184B08F-C81C-45F6-A57F-5ABD9991F28F}") = "Cafe Management", "Cafe Management\Cafe Management.vbproj", "{B624527A-3C4D-47B0-8016-9108A521635F}"
EndProject
Global
	GlobalSection(SolutionConfigurationPlatforms) = preSolution
		Debug|Any CPU = Debug|Any CPU
		Release|Any CPU = Release|Any CPU
	EndGlobalSection
	GlobalSection(ProjectConfigurationPlatforms) = postSolution
		{B624527A-3C4D-47B0-8016-9108A521635F}.Debug|Any CPU.ActiveCfg = Debug|Any CPU
		{B624527A-3C4D-47B0-8016-9108A521635F}.Debug|Any CPU.Build.0 = Debug|Any CPU
		{B624527A-3C4D-47B0-8016-9108A521635F}.Release|Any CPU.ActiveCfg = Release|Any CPU
		{B624527A-3C4D-47B0-8016-9108A521635F}.Release|Any CPU.Build.0 = Release|Any CPU
	EndGlobalSection
	GlobalSection(SolutionProperties) = preSolution
		HideSolutionNode = FALSE
	EndGlobalSection
EndGlobal
